<?xml version="1.0" encoding="utf-8"?>
<Project ToolsVersion="4.0" xmlns="http://schemas.microsoft.com/developer/msbuild/2003">
  <ItemGroup>
    <Filter Include="Header Files">
      <UniqueIdentifier>{93995380-89BD-4b04-88EB-625FBE52EBFB}</UniqueIdentifier>
      <Extensions>h;hh;hpp;hxx;hm;inl;inc;xsd</Extensions>
    </Filter>
    <Filter Include="Source Files">
      <UniqueIdentifier>{cf708d08-a2b7-49be-911b-f726aeba397f}</UniqueIdentifier>
    </Filter>
    <Filter Include="Header Files\Tensor">
      <UniqueIdentifier>{aa989e9e-aabc-42bd-916e-f538006bf728}</UniqueIdentifier>
    </Filter>
  </ItemGroup>
  <ItemGroup>
    <ClInclude Include="Common.h">
      <Filter>Header Files</Filter>
    </ClInclude>
    <ClInclude Include="Graph.h">
      <Filter>Header Files</Filter>
    </ClInclude>
    <ClInclude Include="Node.h">
      <Filter>Header Files</Filter>
    </ClInclude>
    <ClInclude Include="DynamicTensor.h">
      <Filter>Header Files\Tensor</Filter>
    </ClInclude>
    <ClInclude Include="StaticTensor.h">
      <Filter>Header Files\Tensor</Filter>
    </ClInclude>
    <ClInclude Include="TensorScalar.h">
      <Filter>Header Files\Tensor</Filter>
    </ClInclude>
  </ItemGroup>
  <ItemGroup>
    <ClCompile Include="nn.cpp">
      <Filter>Source Files</Filter>
    </ClCompile>
  </ItemGroup>
</Project>